
Microsoft Visual Studio Solution File, Format Version 12.00
# Visual Studio Version 17
VisualStudioVersion = 17.7.34024.191
MinimumVisualStudioVersion = 10.0.40219.1
Project("{FAE04EC0-301F-11D3-BF4B-00C04F79EFBC}") = "EstoqueApi", "EstoqueApi\EstoqueApi.csproj", "{D957E5DE-FECB-4CC2-B625-3FF9AE3F1E71}"
EndProject
Project("{FAE04EC0-301F-11D3-BF4B-00C04F79EFBC}") = "EstoqueApi.Aplicacao", "EstoqueApi.Aplicacao\EstoqueApi.Aplicacao.csproj", "{1DC4C319-8BA4-4281-B3D1-C7B3457CC175}"
EndProject
Project("{FAE04EC0-301F-11D3-BF4B-00C04F79EFBC}") = "EstoqueApi.Dominio", "EstoqueApi.Dominio\EstoqueApi.Dominio.csproj", "{920140A3-9399-4EC1-A3E8-83C405C876CC}"
EndProject
Project("{FAE04EC0-301F-11D3-BF4B-00C04F79EFBC}") = "EstoqueApi.Infra", "EstoqueApi.Infra\EstoqueApi.Infra.csproj", "{24C5096E-4139-4F92-BDCB-368AEE7FCEA8}"
EndProject
Global
	GlobalSection(SolutionConfigurationPlatforms) = preSolution
		Debug|Any CPU = Debug|Any CPU
		Release|Any CPU = Release|Any CPU
	EndGlobalSection
	GlobalSection(ProjectConfigurationPlatforms) = postSolution
		{D957E5DE-FECB-4CC2-B625-3FF9AE3F1E71}.Debug|Any CPU.ActiveCfg = Debug|Any CPU
		{D957E5DE-FECB-4CC2-B625-3FF9AE3F1E71}.Debug|Any CPU.Build.0 = Debug|Any CPU
		{D957E5DE-FECB-4CC2-B625-3FF9AE3F1E71}.Release|Any CPU.ActiveCfg = Release|Any CPU
		{D957E5DE-FECB-4CC2-B625-3FF9AE3F1E71}.Release|Any CPU.Build.0 = Release|Any CPU
		{1DC4C319-8BA4-4281-B3D1-C7B3457CC175}.Debug|Any CPU.ActiveCfg = Debug|Any CPU
		{1DC4C319-8BA4-4281-B3D1-C7B3457CC175}.Debug|Any CPU.Build.0 = Debug|Any CPU
		{1DC4C319-8BA4-4281-B3D1-C7B3457CC175}.Release|Any CPU.ActiveCfg = Release|Any CPU
		{1DC4C319-8BA4-4281-B3D1-C7B3457CC175}.Release|Any CPU.Build.0 = Release|Any CPU
		{920140A3-9399-4EC1-A3E8-83C405C876CC}.Debug|Any CPU.ActiveCfg = Debug|Any CPU
		{920140A3-9399-4EC1-A3E8-83C405C876CC}.Debug|Any CPU.Build.0 = Debug|Any CPU
		{920140A3-9399-4EC1-A3E8-83C405C876CC}.Release|Any CPU.ActiveCfg = Release|Any CPU
		{920140A3-9399-4EC1-A3E8-83C405C876CC}.Release|Any CPU.Build.0 = Release|Any CPU
		{24C5096E-4139-4F92-BDCB-368AEE7FCEA8}.Debug|Any CPU.ActiveCfg = Debug|Any CPU
		{24C5096E-4139-4F92-BDCB-368AEE7FCEA8}.Debug|Any CPU.Build.0 = Debug|Any CPU
		{24C5096E-4139-4F92-BDCB-368AEE7FCEA8}.Release|Any CPU.ActiveCfg = Release|Any CPU
		{24C5096E-4139-4F92-BDCB-368AEE7FCEA8}.Release|Any CPU.Build.0 = Release|Any CPU
	EndGlobalSection
	GlobalSection(SolutionProperties) = preSolution
		HideSolutionNode = FALSE
	EndGlobalSection
	GlobalSection(ExtensibilityGlobals) = postSolution
		SolutionGuid = {EE58C605-D815-4B91-860E-9BC11A2F14A4}
	EndGlobalSection
EndGlobal
